
Microsoft Visual Studio Solution File, Format Version 12.00
# Visual Studio 15
VisualStudioVersion = 15.0.28307.271
MinimumVisualStudioVersion = 10.0.40219.1
Project("{FAE04EC0-301F-11D3-BF4B-00C04F79EFBC}") = "QuickMaster", "QuickMaster\QuickMaster.csproj", "{139EA45B-FD08-4026-9B91-94A87E07BE3F}"
EndProject
Global
	GlobalSection(SolutionConfigurationPlatforms) = preSolution
		Debug|Any CPU = Debug|Any CPU
		Release|Any CPU = Release|Any CPU
	EndGlobalSection
	GlobalSection(ProjectConfigurationPlatforms) = postSolution
		{139EA45B-FD08-4026-9B91-94A87E07BE3F}.Debug|Any CPU.ActiveCfg = Debug|Any CPU
		{139EA45B-FD08-4026-9B91-94A87E07BE3F}.Debug|Any CPU.Build.0 = Debug|Any CPU
		{139EA45B-FD08-4026-9B91-94A87E07BE3F}.Release|Any CPU.ActiveCfg = Release|Any CPU
		{139EA45B-FD08-4026-9B91-94A87E07BE3F}.Release|Any CPU.Build.0 = Release|Any CPU
	EndGlobalSection
	GlobalSection(SolutionProperties) = preSolution
		HideSolutionNode = FALSE
	EndGlobalSection
	GlobalSection(ExtensibilityGlobals) = postSolution
		SolutionGuid = {6174EA24-2D32-48DF-8D2C-FCB7B89FEB83}
	EndGlobalSection
EndGlobal
